
Microsoft Visual Studio Solution File, Format Version 12.00
# Visual Studio Version 16
VisualStudioVersion = 16.0.32126.315
MinimumVisualStudioVersion = 10.0.40219.1
Project("{9A19103F-16F7-4668-BE54-9A1E7A4F7556}") = "AmidmedClinic", "FinalProject\AmidmedClinic.csproj", "{FCF94CDC-57D0-4622-A06C-6A55BB417ABB}"
EndProject
Global
	GlobalSection(SolutionConfigurationPlatforms) = preSolution
		Debug|Any CPU = Debug|Any CPU
		Release|Any CPU = Release|Any CPU
	EndGlobalSection
	GlobalSection(ProjectConfigurationPlatforms) = postSolution
		{FCF94CDC-57D0-4622-A06C-6A55BB417ABB}.Debug|Any CPU.ActiveCfg = Debug|Any CPU
		{FCF94CDC-57D0-4622-A06C-6A55BB417ABB}.Debug|Any CPU.Build.0 = Debug|Any CPU
		{FCF94CDC-57D0-4622-A06C-6A55BB417ABB}.Release|Any CPU.ActiveCfg = Release|Any CPU
		{FCF94CDC-57D0-4622-A06C-6A55BB417ABB}.Release|Any CPU.Build.0 = Release|Any CPU
	EndGlobalSection
	GlobalSection(SolutionProperties) = preSolution
		HideSolutionNode = FALSE
	EndGlobalSection
	GlobalSection(ExtensibilityGlobals) = postSolution
		SolutionGuid = {DE929D11-2D87-4CCC-8AD1-DAD189A99187}
	EndGlobalSection
EndGlobal
